
Microsoft Visual Studio Solution File, Format Version 12.00
# Visual Studio Version 16
VisualStudioVersion = 16.0.31729.503
MinimumVisualStudioVersion = 10.0.40219.1
Project("{8BC9CEB8-8B4A-11D0-8D11-00A0C91BC942}") = "Numbers Ending in 7", "Numbers Ending in 7\Numbers Ending in 7.vcxproj", "{8ACF6FD6-962C-4B4A-BA53-53F7340609C0}"
EndProject
Project("{8BC9CEB8-8B4A-11D0-8D11-00A0C91BC942}") = "Half Sum Element", "Half Sum Element\Half Sum Element.vcxproj", "{423D0CFC-1970-40A1-8F94-FEF59FE95D3C}"
EndProject
Project("{8BC9CEB8-8B4A-11D0-8D11-00A0C91BC942}") = "Histogram", "Histogram\Histogram.vcxproj", "{A8BC9EA5-7FB9-464F-BB22-CB3197E87B14}"
EndProject
Project("{8BC9CEB8-8B4A-11D0-8D11-00A0C91BC942}") = "Clever Lily", "Clever Lily\Clever Lily.vcxproj", "{DE58EECB-7E5F-41B7-ADD8-0879E3F8AA79}"
EndProject
Project("{8BC9CEB8-8B4A-11D0-8D11-00A0C91BC942}") = "Salary", "Salary\Salary.vcxproj", "{B7496AE4-7A40-4A5F-8329-A5F956D69CB1}"
EndProject
Project("{8BC9CEB8-8B4A-11D0-8D11-00A0C91BC942}") = "Oscar", "Oscar\Oscar.vcxproj", "{832A6BE9-7DCC-4BA9-926E-55A91E34F4C0}"
EndProject
Project("{8BC9CEB8-8B4A-11D0-8D11-00A0C91BC942}") = "Trekking Mania", "Trekking Mania\Trekking Mania.vcxproj", "{21DB5FBC-8433-4BD3-8F0C-D7EEA312E80F}"
EndProject
Project("{8BC9CEB8-8B4A-11D0-8D11-00A0C91BC942}") = "Tennis Ranklist", "Tennis Ranklist\Tennis Ranklist.vcxproj", "{E5E89C73-F24E-4465-8F6D-BCEBBFFC83E4}"
EndProject
Global
	GlobalSection(SolutionConfigurationPlatforms) = preSolution
		Debug|x64 = Debug|x64
		Debug|x86 = Debug|x86
		Release|x64 = Release|x64
		Release|x86 = Release|x86
	EndGlobalSection
	GlobalSection(ProjectConfigurationPlatforms) = postSolution
		{8ACF6FD6-962C-4B4A-BA53-53F7340609C0}.Debug|x64.ActiveCfg = Debug|x64
		{8ACF6FD6-962C-4B4A-BA53-53F7340609C0}.Debug|x64.Build.0 = Debug|x64
		{8ACF6FD6-962C-4B4A-BA53-53F7340609C0}.Debug|x86.ActiveCfg = Debug|Win32
		{8ACF6FD6-962C-4B4A-BA53-53F7340609C0}.Debug|x86.Build.0 = Debug|Win32
		{8ACF6FD6-962C-4B4A-BA53-53F7340609C0}.Release|x64.ActiveCfg = Release|x64
		{8ACF6FD6-962C-4B4A-BA53-53F7340609C0}.Release|x64.Build.0 = Release|x64
		{8ACF6FD6-962C-4B4A-BA53-53F7340609C0}.Release|x86.ActiveCfg = Release|Win32
		{8ACF6FD6-962C-4B4A-BA53-53F7340609C0}.Release|x86.Build.0 = Release|Win32
		{423D0CFC-1970-40A1-8F94-FEF59FE95D3C}.Debug|x64.ActiveCfg = Debug|x64
		{423D0CFC-1970-40A1-8F94-FEF59FE95D3C}.Debug|x64.Build.0 = Debug|x64
		{423D0CFC-1970-40A1-8F94-FEF59FE95D3C}.Debug|x86.ActiveCfg = Debug|Win32
		{423D0CFC-1970-40A1-8F94-FEF59FE95D3C}.Debug|x86.Build.0 = Debug|Win32
		{423D0CFC-1970-40A1-8F94-FEF59FE95D3C}.Release|x64.ActiveCfg = Release|x64
		{423D0CFC-1970-40A1-8F94-FEF59FE95D3C}.Release|x64.Build.0 = Release|x64
		{423D0CFC-1970-40A1-8F94-FEF59FE95D3C}.Release|x86.ActiveCfg = Release|Win32
		{423D0CFC-1970-40A1-8F94-FEF59FE95D3C}.Release|x86.Build.0 = Release|Win32
		{A8BC9EA5-7FB9-464F-BB22-CB3197E87B14}.Debug|x64.ActiveCfg = Debug|x64
		{A8BC9EA5-7FB9-464F-BB22-CB3197E87B14}.Debug|x64.Build.0 = Debug|x64
		{A8BC9EA5-7FB9-464F-BB22-CB3197E87B14}.Debug|x86.ActiveCfg = Debug|Win32
		{A8BC9EA5-7FB9-464F-BB22-CB3197E87B14}.Debug|x86.Build.0 = Debug|Win32
		{A8BC9EA5-7FB9-464F-BB22-CB3197E87B14}.Release|x64.ActiveCfg = Release|x64
		{A8BC9EA5-7FB9-464F-BB22-CB3197E87B14}.Release|x64.Build.0 = Release|x64
		{A8BC9EA5-7FB9-464F-BB22-CB3197E87B14}.Release|x86.ActiveCfg = Release|Win32
		{A8BC9EA5-7FB9-464F-BB22-CB3197E87B14}.Release|x86.Build.0 = Release|Win32
		{DE58EECB-7E5F-41B7-ADD8-0879E3F8AA79}.Debug|x64.ActiveCfg = Debug|x64
		{DE58EECB-7E5F-41B7-ADD8-0879E3F8AA79}.Debug|x64.Build.0 = Debug|x64
		{DE58EECB-7E5F-41B7-ADD8-0879E3F8AA79}.Debug|x86.ActiveCfg = Debug|Win32
		{DE58EECB-7E5F-41B7-ADD8-0879E3F8AA79}.Debug|x86.Build.0 = Debug|Win32
		{DE58EECB-7E5F-41B7-ADD8-0879E3F8AA79}.Release|x64.ActiveCfg = Release|x64
		{DE58EECB-7E5F-41B7-ADD8-0879E3F8AA79}.Release|x64.Build.0 = Release|x64
		{DE58EECB-7E5F-41B7-ADD8-0879E3F8AA79}.Release|x86.ActiveCfg = Release|Win32
		{DE58EECB-7E5F-41B7-ADD8-0879E3F8AA79}.Release|x86.Build.0 = Release|Win32
		{B7496AE4-7A40-4A5F-8329-A5F956D69CB1}.Debug|x64.ActiveCfg = Debug|x64
		{B7496AE4-7A40-4A5F-8329-A5F956D69CB1}.Debug|x64.Build.0 = Debug|x64
		{B7496AE4-7A40-4A5F-8329-A5F956D69CB1}.Debug|x86.ActiveCfg = Debug|Win32
		{B7496AE4-7A40-4A5F-8329-A5F956D69CB1}.Debug|x86.Build.0 = Debug|Win32
		{B7496AE4-7A40-4A5F-8329-A5F956D69CB1}.Release|x64.ActiveCfg = Release|x64
		{B7496AE4-7A40-4A5F-8329-A5F956D69CB1}.Release|x64.Build.0 = Release|x64
		{B7496AE4-7A40-4A5F-8329-A5F956D69CB1}.Release|x86.ActiveCfg = Release|Win32
		{B7496AE4-7A40-4A5F-8329-A5F956D69CB1}.Release|x86.Build.0 = Release|Win32
		{832A6BE9-7DCC-4BA9-926E-55A91E34F4C0}.Debug|x64.ActiveCfg = Debug|x64
		{832A6BE9-7DCC-4BA9-926E-55A91E34F4C0}.Debug|x64.Build.0 = Debug|x64
		{832A6BE9-7DCC-4BA9-926E-55A91E34F4C0}.Debug|x86.ActiveCfg = Debug|Win32
		{832A6BE9-7DCC-4BA9-926E-55A91E34F4C0}.Debug|x86.Build.0 = Debug|Win32
		{832A6BE9-7DCC-4BA9-926E-55A91E34F4C0}.Release|x64.ActiveCfg = Release|x64
		{832A6BE9-7DCC-4BA9-926E-55A91E34F4C0}.Release|x64.Build.0 = Release|x64
		{832A6BE9-7DCC-4BA9-926E-55A91E34F4C0}.Release|x86.ActiveCfg = Release|Win32
		{832A6BE9-7DCC-4BA9-926E-55A91E34F4C0}.Release|x86.Build.0 = Release|Win32
		{21DB5FBC-8433-4BD3-8F0C-D7EEA312E80F}.Debug|x64.ActiveCfg = Debug|x64
		{21DB5FBC-8433-4BD3-8F0C-D7EEA312E80F}.Debug|x64.Build.0 = Debug|x64
		{21DB5FBC-8433-4BD3-8F0C-D7EEA312E80F}.Debug|x86.ActiveCfg = Debug|Win32
		{21DB5FBC-8433-4BD3-8F0C-D7EEA312E80F}.Debug|x86.Build.0 = Debug|Win32
		{21DB5FBC-8433-4BD3-8F0C-D7EEA312E80F}.Release|x64.ActiveCfg = Release|x64
		{21DB5FBC-8433-4BD3-8F0C-D7EEA312E80F}.Release|x64.Build.0 = Release|x64
		{21DB5FBC-8433-4BD3-8F0C-D7EEA312E80F}.Release|x86.ActiveCfg = Release|Win32
		{21DB5FBC-8433-4BD3-8F0C-D7EEA312E80F}.Release|x86.Build.0 = Release|Win32
		{E5E89C73-F24E-4465-8F6D-BCEBBFFC83E4}.Debug|x64.ActiveCfg = Debug|x64
		{E5E89C73-F24E-4465-8F6D-BCEBBFFC83E4}.Debug|x64.Build.0 = Debug|x64
		{E5E89C73-F24E-4465-8F6D-BCEBBFFC83E4}.Debug|x86.ActiveCfg = Debug|Win32
		{E5E89C73-F24E-4465-8F6D-BCEBBFFC83E4}.Debug|x86.Build.0 = Debug|Win32
		{E5E89C73-F24E-4465-8F6D-BCEBBFFC83E4}.Release|x64.ActiveCfg = Release|x64
		{E5E89C73-F24E-4465-8F6D-BCEBBFFC83E4}.Release|x64.Build.0 = Release|x64
		{E5E89C73-F24E-4465-8F6D-BCEBBFFC83E4}.Release|x86.ActiveCfg = Release|Win32
		{E5E89C73-F24E-4465-8F6D-BCEBBFFC83E4}.Release|x86.Build.0 = Release|Win32
	EndGlobalSection
	GlobalSection(SolutionProperties) = preSolution
		HideSolutionNode = FALSE
	EndGlobalSection
	GlobalSection(ExtensibilityGlobals) = postSolution
		SolutionGuid = {2A3C8F11-9E72-40A9-AD9A-7A2A9C021888}
	EndGlobalSection
EndGlobal
